{
  "name": "pam-frontend-typografi",
  "version": "2.0.1",
  "lockfileVersion": 1,
  "requires": true,
  "dependencies": {
    "pam-frontend-core": {
      "version": "1.0.1",
      "resolved": "https://registry.npmjs.org/pam-frontend-core/-/pam-frontend-core-1.0.1.tgz",
      "integrity": "sha512-OvEFa9BABcbJrGDyLEqeCnhghQS6sRP2OgVzw+i456aTRq12feHi0JVcjs6QG7lxPEupT0mrY8+YdI+dqN1uUQ==",
      "dev": true
    }
  }
}
