{
  "name": "@navikt/arbeidsplassen-typografi",
  "version": "2.0.2",
  "lockfileVersion": 1,
  "requires": true,
  "dependencies": {
    "@navikt/arbeidsplassen-core": {
      "version": "1.3.4",
      "resolved": "https://registry.npmjs.org/@navikt/arbeidsplassen-core/-/arbeidsplassen-core-1.3.4.tgz",
      "integrity": "sha512-zSXzc90a5HgQB5RD3QrUllaXo/cv9hk0AFghDaUoBYsz5Mw5ZrpBVyOtwTrmT29Z+MnfKpNgEUTITFymn6gQ0g==",
      "dev": true
    }
  }
}
